
Microsoft Visual Studio Solution File, Format Version 12.00
# Visual Studio Version 16
VisualStudioVersion = 16.0.32413.511
MinimumVisualStudioVersion = 10.0.40219.1
Project("{FAE04EC0-301F-11D3-BF4B-00C04F79EFBC}") = "Taschenrechner", "Taschenrechner\Taschenrechner.csproj", "{7864EFA5-F707-4630-905F-EAB1CD208B15}"
EndProject
Project("{2150E333-8FDC-42A3-9474-1A3956D46DE8}") = "Solution Items", "Solution Items", "{F5C7C8E3-E4A6-494B-B73C-145113F574FA}"
	ProjectSection(SolutionItems) = preProject
		UserStory.txt = UserStory.txt
	EndProjectSection
EndProject
Global
	GlobalSection(SolutionConfigurationPlatforms) = preSolution
		Debug|Any CPU = Debug|Any CPU
		Release|Any CPU = Release|Any CPU
	EndGlobalSection
	GlobalSection(ProjectConfigurationPlatforms) = postSolution
		{7864EFA5-F707-4630-905F-EAB1CD208B15}.Debug|Any CPU.ActiveCfg = Debug|Any CPU
		{7864EFA5-F707-4630-905F-EAB1CD208B15}.Debug|Any CPU.Build.0 = Debug|Any CPU
		{7864EFA5-F707-4630-905F-EAB1CD208B15}.Release|Any CPU.ActiveCfg = Release|Any CPU
		{7864EFA5-F707-4630-905F-EAB1CD208B15}.Release|Any CPU.Build.0 = Release|Any CPU
	EndGlobalSection
	GlobalSection(SolutionProperties) = preSolution
		HideSolutionNode = FALSE
	EndGlobalSection
	GlobalSection(ExtensibilityGlobals) = postSolution
		SolutionGuid = {2CA3E0C4-0709-408B-99A3-50E16DBFDA81}
	EndGlobalSection
EndGlobal
